
Microsoft Visual Studio Solution File, Format Version 12.00
# Visual Studio Version 17
VisualStudioVersion = 17.11.35222.181
MinimumVisualStudioVersion = 10.0.40219.1
Project("{FAE04EC0-301F-11D3-BF4B-00C04F79EFBC}") = "CS-PROJ-4", "CS-PROJ-4\CS-PROJ-4.csproj", "{7ECC53A1-DE54-4137-91C6-BECAE979A8C4}"
EndProject
Project("{FAE04EC0-301F-11D3-BF4B-00C04F79EFBC}") = "CITIES", "CITIES\CITIES.csproj", "{F8C43D6C-2BF0-4B6C-B097-0DFE4AFB4E65}"
EndProject
Project("{FAE04EC0-301F-11D3-BF4B-00C04F79EFBC}") = "PARSING", "PARSING\PARSING.csproj", "{F529E6F3-3C49-484E-B21E-0AF76ED7C6DD}"
EndProject
Global
	GlobalSection(SolutionConfigurationPlatforms) = preSolution
		Debug|Any CPU = Debug|Any CPU
		Release|Any CPU = Release|Any CPU
	EndGlobalSection
	GlobalSection(ProjectConfigurationPlatforms) = postSolution
		{7ECC53A1-DE54-4137-91C6-BECAE979A8C4}.Debug|Any CPU.ActiveCfg = Debug|Any CPU
		{7ECC53A1-DE54-4137-91C6-BECAE979A8C4}.Debug|Any CPU.Build.0 = Debug|Any CPU
		{7ECC53A1-DE54-4137-91C6-BECAE979A8C4}.Release|Any CPU.ActiveCfg = Release|Any CPU
		{7ECC53A1-DE54-4137-91C6-BECAE979A8C4}.Release|Any CPU.Build.0 = Release|Any CPU
		{F8C43D6C-2BF0-4B6C-B097-0DFE4AFB4E65}.Debug|Any CPU.ActiveCfg = Debug|Any CPU
		{F8C43D6C-2BF0-4B6C-B097-0DFE4AFB4E65}.Debug|Any CPU.Build.0 = Debug|Any CPU
		{F8C43D6C-2BF0-4B6C-B097-0DFE4AFB4E65}.Release|Any CPU.ActiveCfg = Release|Any CPU
		{F8C43D6C-2BF0-4B6C-B097-0DFE4AFB4E65}.Release|Any CPU.Build.0 = Release|Any CPU
		{F529E6F3-3C49-484E-B21E-0AF76ED7C6DD}.Debug|Any CPU.ActiveCfg = Debug|Any CPU
		{F529E6F3-3C49-484E-B21E-0AF76ED7C6DD}.Debug|Any CPU.Build.0 = Debug|Any CPU
		{F529E6F3-3C49-484E-B21E-0AF76ED7C6DD}.Release|Any CPU.ActiveCfg = Release|Any CPU
		{F529E6F3-3C49-484E-B21E-0AF76ED7C6DD}.Release|Any CPU.Build.0 = Release|Any CPU
	EndGlobalSection
	GlobalSection(SolutionProperties) = preSolution
		HideSolutionNode = FALSE
	EndGlobalSection
	GlobalSection(ExtensibilityGlobals) = postSolution
		SolutionGuid = {EDC26478-7EA2-4AE7-BF42-488C64A05A05}
	EndGlobalSection
EndGlobal
